
Microsoft Visual Studio Solution File, Format Version 12.00
# Visual Studio Version 17
VisualStudioVersion = 17.7.34221.43
MinimumVisualStudioVersion = 10.0.40219.1
Project("{FAE04EC0-301F-11D3-BF4B-00C04F79EFBC}") = "Assignment 13", "Assignment 13.csproj", "{301A0276-CA97-49B8-B7CB-DADAEC60B7C1}"
EndProject
Global
	GlobalSection(SolutionConfigurationPlatforms) = preSolution
		Debug|Any CPU = Debug|Any CPU
		Release|Any CPU = Release|Any CPU
	EndGlobalSection
	GlobalSection(ProjectConfigurationPlatforms) = postSolution
		{301A0276-CA97-49B8-B7CB-DADAEC60B7C1}.Debug|Any CPU.ActiveCfg = Debug|Any CPU
		{301A0276-CA97-49B8-B7CB-DADAEC60B7C1}.Debug|Any CPU.Build.0 = Debug|Any CPU
		{301A0276-CA97-49B8-B7CB-DADAEC60B7C1}.Release|Any CPU.ActiveCfg = Release|Any CPU
		{301A0276-CA97-49B8-B7CB-DADAEC60B7C1}.Release|Any CPU.Build.0 = Release|Any CPU
	EndGlobalSection
	GlobalSection(SolutionProperties) = preSolution
		HideSolutionNode = FALSE
	EndGlobalSection
	GlobalSection(ExtensibilityGlobals) = postSolution
		SolutionGuid = {B2D9F632-681F-46FA-82E8-8E4AC237CFFB}
	EndGlobalSection
EndGlobal
